// !$*UTF8*$!
{
	archiveVersion = 1;
	classes = {
	};
	objectVersion = 50;
	objects = {

/* Begin PBXBuildFile section */
		B526B0692142262F00FBA6D7 /* ParticleForceGeneratorProtocol.swift in Sources */ = {isa = PBXBuildFile; fileRef = B526B0682142262F00FBA6D7 /* ParticleForceGeneratorProtocol.swift */; };
		B526B06C2142270A00FBA6D7 /* ParticleForceRegistry.swift in Sources */ = {isa = PBXBuildFile; fileRef = B526B06B2142270A00FBA6D7 /* ParticleForceRegistry.swift */; };
		B526B06E21422FBE00FBA6D7 /* ParticleForceRegistryTests.swift in Sources */ = {isa = PBXBuildFile; fileRef = B526B06D21422FBE00FBA6D7 /* ParticleForceRegistryTests.swift */; };
		B526B071214230C400FBA6D7 /* MockParticleForceGenerator.swift in Sources */ = {isa = PBXBuildFile; fileRef = B526B070214230C400FBA6D7 /* MockParticleForceGenerator.swift */; };
		B526B14E2145753C00FBA6D7 /* ParticleContact.swift in Sources */ = {isa = PBXBuildFile; fileRef = B526B14D2145753C00FBA6D7 /* ParticleContact.swift */; };
		B526B1502147865F00FBA6D7 /* ParticleContactResolver.swift in Sources */ = {isa = PBXBuildFile; fileRef = B526B14F2147865F00FBA6D7 /* ParticleContactResolver.swift */; };
		B5859B54213D9B7F00C71222 /* PinkGoatPhysics.framework in Frameworks */ = {isa = PBXBuildFile; fileRef = B5859B4A213D9B7F00C71222 /* PinkGoatPhysics.framework */; };
		B5859B59213D9B7F00C71222 /* PinkGoatPhysicsTests.swift in Sources */ = {isa = PBXBuildFile; fileRef = B5859B58213D9B7F00C71222 /* PinkGoatPhysicsTests.swift */; };
		B5859B5B213D9B7F00C71222 /* PinkGoatPhysics.h in Headers */ = {isa = PBXBuildFile; fileRef = B5859B4D213D9B7F00C71222 /* PinkGoatPhysics.h */; settings = {ATTRIBUTES = (Public, ); }; };
		B5859B68213D9C3500C71222 /* PGVector3.swift in Sources */ = {isa = PBXBuildFile; fileRef = B5859B67213D9C3500C71222 /* PGVector3.swift */; };
		B5859B6A213DE23E00C71222 /* PGVector3Tests.swift in Sources */ = {isa = PBXBuildFile; fileRef = B5859B69213DE23E00C71222 /* PGVector3Tests.swift */; };
		B5859CA02140F00F00C71222 /* Particle.swift in Sources */ = {isa = PBXBuildFile; fileRef = B5859C9F2140F00F00C71222 /* Particle.swift */; };
		B5859CA221417E2A00C71222 /* ParticleTests.swift in Sources */ = {isa = PBXBuildFile; fileRef = B5859CA121417E2A00C71222 /* ParticleTests.swift */; };
/* End PBXBuildFile section */

/* Begin PBXContainerItemProxy section */
		B5859B55213D9B7F00C71222 /* PBXContainerItemProxy */ = {
			isa = PBXContainerItemProxy;
			containerPortal = B5859B41213D9B7F00C71222 /* Project object */;
			proxyType = 1;
			remoteGlobalIDString = B5859B49213D9B7F00C71222;
			remoteInfo = PinkGoatPhysics;
		};
/* End PBXContainerItemProxy section */

/* Begin PBXFileReference section */
		B526B0682142262F00FBA6D7 /* ParticleForceGeneratorProtocol.swift */ = {isa = PBXFileReference; lastKnownFileType = sourcecode.swift; path = ParticleForceGeneratorProtocol.swift; sourceTree = "<group>"; };
		B526B06B2142270A00FBA6D7 /* ParticleForceRegistry.swift */ = {isa = PBXFileReference; lastKnownFileType = sourcecode.swift; path = ParticleForceRegistry.swift; sourceTree = "<group>"; };
		B526B06D21422FBE00FBA6D7 /* ParticleForceRegistryTests.swift */ = {isa = PBXFileReference; lastKnownFileType = sourcecode.swift; path = ParticleForceRegistryTests.swift; sourceTree = "<group>"; };
		B526B070214230C400FBA6D7 /* MockParticleForceGenerator.swift */ = {isa = PBXFileReference; lastKnownFileType = sourcecode.swift; path = MockParticleForceGenerator.swift; sourceTree = "<group>"; };
		B526B14D2145753C00FBA6D7 /* ParticleContact.swift */ = {isa = PBXFileReference; lastKnownFileType = sourcecode.swift; path = ParticleContact.swift; sourceTree = "<group>"; };
		B526B14F2147865F00FBA6D7 /* ParticleContactResolver.swift */ = {isa = PBXFileReference; lastKnownFileType = sourcecode.swift; path = ParticleContactResolver.swift; sourceTree = "<group>"; };
		B5859B4A213D9B7F00C71222 /* PinkGoatPhysics.framework */ = {isa = PBXFileReference; explicitFileType = wrapper.framework; includeInIndex = 0; path = PinkGoatPhysics.framework; sourceTree = BUILT_PRODUCTS_DIR; };
		B5859B4D213D9B7F00C71222 /* PinkGoatPhysics.h */ = {isa = PBXFileReference; lastKnownFileType = sourcecode.c.h; path = PinkGoatPhysics.h; sourceTree = "<group>"; };
		B5859B4E213D9B7F00C71222 /* Info.plist */ = {isa = PBXFileReference; lastKnownFileType = text.plist.xml; path = Info.plist; sourceTree = "<group>"; };
		B5859B53213D9B7F00C71222 /* PinkGoatPhysicsTests.xctest */ = {isa = PBXFileReference; explicitFileType = wrapper.cfbundle; includeInIndex = 0; path = PinkGoatPhysicsTests.xctest; sourceTree = BUILT_PRODUCTS_DIR; };
		B5859B58213D9B7F00C71222 /* PinkGoatPhysicsTests.swift */ = {isa = PBXFileReference; lastKnownFileType = sourcecode.swift; path = PinkGoatPhysicsTests.swift; sourceTree = "<group>"; };
		B5859B5A213D9B7F00C71222 /* Info.plist */ = {isa = PBXFileReference; lastKnownFileType = text.plist.xml; path = Info.plist; sourceTree = "<group>"; };
		B5859B67213D9C3500C71222 /* PGVector3.swift */ = {isa = PBXFileReference; lastKnownFileType = sourcecode.swift; path = PGVector3.swift; sourceTree = "<group>"; };
		B5859B69213DE23E00C71222 /* PGVector3Tests.swift */ = {isa = PBXFileReference; lastKnownFileType = sourcecode.swift; path = PGVector3Tests.swift; sourceTree = "<group>"; };
		B5859C9F2140F00F00C71222 /* Particle.swift */ = {isa = PBXFileReference; lastKnownFileType = sourcecode.swift; path = Particle.swift; sourceTree = "<group>"; };
		B5859CA121417E2A00C71222 /* ParticleTests.swift */ = {isa = PBXFileReference; lastKnownFileType = sourcecode.swift; path = ParticleTests.swift; sourceTree = "<group>"; };
/* End PBXFileReference section */

/* Begin PBXFrameworksBuildPhase section */
		B5859B46213D9B7F00C71222 /* Frameworks */ = {
			isa = PBXFrameworksBuildPhase;
			buildActionMask = 2147483647;
			files = (
			);
			runOnlyForDeploymentPostprocessing = 0;
		};
		B5859B50213D9B7F00C71222 /* Frameworks */ = {
			isa = PBXFrameworksBuildPhase;
			buildActionMask = 2147483647;
			files = (
				B5859B54213D9B7F00C71222 /* PinkGoatPhysics.framework in Frameworks */,
			);
			runOnlyForDeploymentPostprocessing = 0;
		};
/* End PBXFrameworksBuildPhase section */

/* Begin PBXGroup section */
		B526B0672142260D00FBA6D7 /* Protocols */ = {
			isa = PBXGroup;
			children = (
				B526B0682142262F00FBA6D7 /* ParticleForceGeneratorProtocol.swift */,
			);
			path = Protocols;
			sourceTree = "<group>";
		};
		B526B06A214226E400FBA6D7 /* ParticleForceGenerators */ = {
			isa = PBXGroup;
			children = (
				B526B06B2142270A00FBA6D7 /* ParticleForceRegistry.swift */,
			);
			path = ParticleForceGenerators;
			sourceTree = "<group>";
		};
		B526B06F214230B400FBA6D7 /* Mocks */ = {
			isa = PBXGroup;
			children = (
				B526B070214230C400FBA6D7 /* MockParticleForceGenerator.swift */,
			);
			path = Mocks;
			sourceTree = "<group>";
		};
		B526B14C2145752E00FBA6D7 /* Collision */ = {
			isa = PBXGroup;
			children = (
				B526B14D2145753C00FBA6D7 /* ParticleContact.swift */,
				B526B14F2147865F00FBA6D7 /* ParticleContactResolver.swift */,
			);
			path = Collision;
			sourceTree = "<group>";
		};
		B5859B40213D9B7F00C71222 = {
			isa = PBXGroup;
			children = (
				B5859B4C213D9B7F00C71222 /* PinkGoatPhysics */,
				B5859B57213D9B7F00C71222 /* PinkGoatPhysicsTests */,
				B5859B4B213D9B7F00C71222 /* Products */,
			);
			sourceTree = "<group>";
		};
		B5859B4B213D9B7F00C71222 /* Products */ = {
			isa = PBXGroup;
			children = (
				B5859B4A213D9B7F00C71222 /* PinkGoatPhysics.framework */,
				B5859B53213D9B7F00C71222 /* PinkGoatPhysicsTests.xctest */,
			);
			name = Products;
			sourceTree = "<group>";
		};
		B5859B4C213D9B7F00C71222 /* PinkGoatPhysics */ = {
			isa = PBXGroup;
			children = (
				B526B14C2145752E00FBA6D7 /* Collision */,
				B526B06A214226E400FBA6D7 /* ParticleForceGenerators */,
				B526B0672142260D00FBA6D7 /* Protocols */,
				B5859B64213D9BAE00C71222 /* Math */,
				B5859B4D213D9B7F00C71222 /* PinkGoatPhysics.h */,
				B5859B4E213D9B7F00C71222 /* Info.plist */,
				B5859C9F2140F00F00C71222 /* Particle.swift */,
			);
			path = PinkGoatPhysics;
			sourceTree = "<group>";
		};
		B5859B57213D9B7F00C71222 /* PinkGoatPhysicsTests */ = {
			isa = PBXGroup;
			children = (
				B526B06F214230B400FBA6D7 /* Mocks */,
				B5859B58213D9B7F00C71222 /* PinkGoatPhysicsTests.swift */,
				B5859B5A213D9B7F00C71222 /* Info.plist */,
				B5859B69213DE23E00C71222 /* PGVector3Tests.swift */,
				B5859CA121417E2A00C71222 /* ParticleTests.swift */,
				B526B06D21422FBE00FBA6D7 /* ParticleForceRegistryTests.swift */,
			);
			path = PinkGoatPhysicsTests;
			sourceTree = "<group>";
		};
		B5859B64213D9BAE00C71222 /* Math */ = {
			isa = PBXGroup;
			children = (
				B5859B67213D9C3500C71222 /* PGVector3.swift */,
			);
			path = Math;
			sourceTree = "<group>";
		};
/* End PBXGroup section */

/* Begin PBXHeadersBuildPhase section */
		B5859B47213D9B7F00C71222 /* Headers */ = {
			isa = PBXHeadersBuildPhase;
			buildActionMask = 2147483647;
			files = (
				B5859B5B213D9B7F00C71222 /* PinkGoatPhysics.h in Headers */,
			);
			runOnlyForDeploymentPostprocessing = 0;
		};
/* End PBXHeadersBuildPhase section */

/* Begin PBXNativeTarget section */
		B5859B49213D9B7F00C71222 /* PinkGoatPhysics */ = {
			isa = PBXNativeTarget;
			buildConfigurationList = B5859B5E213D9B7F00C71222 /* Build configuration list for PBXNativeTarget "PinkGoatPhysics" */;
			buildPhases = (
				B5859B45213D9B7F00C71222 /* Sources */,
				B5859B46213D9B7F00C71222 /* Frameworks */,
				B5859B47213D9B7F00C71222 /* Headers */,
				B5859B48213D9B7F00C71222 /* Resources */,
			);
			buildRules = (
			);
			dependencies = (
			);
			name = PinkGoatPhysics;
			productName = PinkGoatPhysics;
			productReference = B5859B4A213D9B7F00C71222 /* PinkGoatPhysics.framework */;
			productType = "com.apple.product-type.framework";
		};
		B5859B52213D9B7F00C71222 /* PinkGoatPhysicsTests */ = {
			isa = PBXNativeTarget;
			buildConfigurationList = B5859B61213D9B7F00C71222 /* Build configuration list for PBXNativeTarget "PinkGoatPhysicsTests" */;
			buildPhases = (
				B5859B4F213D9B7F00C71222 /* Sources */,
				B5859B50213D9B7F00C71222 /* Frameworks */,
				B5859B51213D9B7F00C71222 /* Resources */,
			);
			buildRules = (
			);
			dependencies = (
				B5859B56213D9B7F00C71222 /* PBXTargetDependency */,
			);
			name = PinkGoatPhysicsTests;
			productName = PinkGoatPhysicsTests;
			productReference = B5859B53213D9B7F00C71222 /* PinkGoatPhysicsTests.xctest */;
			productType = "com.apple.product-type.bundle.unit-test";
		};
/* End PBXNativeTarget section */

/* Begin PBXProject section */
		B5859B41213D9B7F00C71222 /* Project object */ = {
			isa = PBXProject;
			attributes = {
				LastSwiftUpdateCheck = 0940;
				LastUpgradeCheck = 0940;
				ORGANIZATIONNAME = "Roy Li";
				TargetAttributes = {
					B5859B49213D9B7F00C71222 = {
						CreatedOnToolsVersion = 9.4.1;
						LastSwiftMigration = 0940;
					};
					B5859B52213D9B7F00C71222 = {
						CreatedOnToolsVersion = 9.4.1;
					};
				};
			};
			buildConfigurationList = B5859B44213D9B7F00C71222 /* Build configuration list for PBXProject "PinkGoatPhysics" */;
			compatibilityVersion = "Xcode 9.3";
			developmentRegion = en;
			hasScannedForEncodings = 0;
			knownRegions = (
				en,
			);
			mainGroup = B5859B40213D9B7F00C71222;
			productRefGroup = B5859B4B213D9B7F00C71222 /* Products */;
			projectDirPath = "";
			projectRoot = "";
			targets = (
				B5859B49213D9B7F00C71222 /* PinkGoatPhysics */,
				B5859B52213D9B7F00C71222 /* PinkGoatPhysicsTests */,
			);
		};
/* End PBXProject section */

/* Begin PBXResourcesBuildPhase section */
		B5859B48213D9B7F00C71222 /* Resources */ = {
			isa = PBXResourcesBuildPhase;
			buildActionMask = 2147483647;
			files = (
			);
			runOnlyForDeploymentPostprocessing = 0;
		};
		B5859B51213D9B7F00C71222 /* Resources */ = {
			isa = PBXResourcesBuildPhase;
			buildActionMask = 2147483647;
			files = (
			);
			runOnlyForDeploymentPostprocessing = 0;
		};
/* End PBXResourcesBuildPhase section */

/* Begin PBXSourcesBuildPhase section */
		B5859B45213D9B7F00C71222 /* Sources */ = {
			isa = PBXSourcesBuildPhase;
			buildActionMask = 2147483647;
			files = (
				B5859B68213D9C3500C71222 /* PGVector3.swift in Sources */,
				B526B14E2145753C00FBA6D7 /* ParticleContact.swift in Sources */,
				B526B0692142262F00FBA6D7 /* ParticleForceGeneratorProtocol.swift in Sources */,
				B526B06C2142270A00FBA6D7 /* ParticleForceRegistry.swift in Sources */,
				B526B1502147865F00FBA6D7 /* ParticleContactResolver.swift in Sources */,
				B5859CA02140F00F00C71222 /* Particle.swift in Sources */,
			);
			runOnlyForDeploymentPostprocessing = 0;
		};
		B5859B4F213D9B7F00C71222 /* Sources */ = {
			isa = PBXSourcesBuildPhase;
			buildActionMask = 2147483647;
			files = (
				B526B06E21422FBE00FBA6D7 /* ParticleForceRegistryTests.swift in Sources */,
				B5859CA221417E2A00C71222 /* ParticleTests.swift in Sources */,
				B526B071214230C400FBA6D7 /* MockParticleForceGenerator.swift in Sources */,
				B5859B59213D9B7F00C71222 /* PinkGoatPhysicsTests.swift in Sources */,
				B5859B6A213DE23E00C71222 /* PGVector3Tests.swift in Sources */,
			);
			runOnlyForDeploymentPostprocessing = 0;
		};
/* End PBXSourcesBuildPhase section */

/* Begin PBXTargetDependency section */
		B5859B56213D9B7F00C71222 /* PBXTargetDependency */ = {
			isa = PBXTargetDependency;
			target = B5859B49213D9B7F00C71222 /* PinkGoatPhysics */;
			targetProxy = B5859B55213D9B7F00C71222 /* PBXContainerItemProxy */;
		};
/* End PBXTargetDependency section */

/* Begin XCBuildConfiguration section */
		B5859B5C213D9B7F00C71222 /* Debug */ = {
			isa = XCBuildConfiguration;
			buildSettings = {
				ALWAYS_SEARCH_USER_PATHS = NO;
				CLANG_ANALYZER_NONNULL = YES;
				CLANG_ANALYZER_NUMBER_OBJECT_CONVERSION = YES_AGGRESSIVE;
				CLANG_CXX_LANGUAGE_STANDARD = "gnu++14";
				CLANG_CXX_LIBRARY = "libc++";
				CLANG_ENABLE_MODULES = YES;
				CLANG_ENABLE_OBJC_ARC = YES;
				CLANG_ENABLE_OBJC_WEAK = YES;
				CLANG_WARN_BLOCK_CAPTURE_AUTORELEASING = YES;
				CLANG_WARN_BOOL_CONVERSION = YES;
				CLANG_WARN_COMMA = YES;
				CLANG_WARN_CONSTANT_CONVERSION = YES;
				CLANG_WARN_DEPRECATED_OBJC_IMPLEMENTATIONS = YES;
				CLANG_WARN_DIRECT_OBJC_ISA_USAGE = YES_ERROR;
				CLANG_WARN_DOCUMENTATION_COMMENTS = YES;
				CLANG_WARN_EMPTY_BODY = YES;
				CLANG_WARN_ENUM_CONVERSION = YES;
				CLANG_WARN_INFINITE_RECURSION = YES;
				CLANG_WARN_INT_CONVERSION = YES;
				CLANG_WARN_NON_LITERAL_NULL_CONVERSION = YES;
				CLANG_WARN_OBJC_IMPLICIT_RETAIN_SELF = YES;
				CLANG_WARN_OBJC_LITERAL_CONVERSION = YES;
				CLANG_WARN_OBJC_ROOT_CLASS = YES_ERROR;
				CLANG_WARN_RANGE_LOOP_ANALYSIS = YES;
				CLANG_WARN_STRICT_PROTOTYPES = YES;
				CLANG_WARN_SUSPICIOUS_MOVE = YES;
				CLANG_WARN_UNGUARDED_AVAILABILITY = YES_AGGRESSIVE;
				CLANG_WARN_UNREACHABLE_CODE = YES;
				CLANG_WARN__DUPLICATE_METHOD_MATCH = YES;
				CODE_SIGN_IDENTITY = "Mac Developer";
				COPY_PHASE_STRIP = NO;
				CURRENT_PROJECT_VERSION = 1;
				DEBUG_INFORMATION_FORMAT = dwarf;
				ENABLE_STRICT_OBJC_MSGSEND = YES;
				ENABLE_TESTABILITY = YES;
				GCC_C_LANGUAGE_STANDARD = gnu11;
				GCC_DYNAMIC_NO_PIC = NO;
				GCC_NO_COMMON_BLOCKS = YES;
				GCC_OPTIMIZATION_LEVEL = 0;
				GCC_PREPROCESSOR_DEFINITIONS = (
					"DEBUG=1",
					"$(inherited)",
				);
				GCC_WARN_64_TO_32_BIT_CONVERSION = YES;
				GCC_WARN_ABOUT_RETURN_TYPE = YES_ERROR;
				GCC_WARN_UNDECLARED_SELECTOR = YES;
				GCC_WARN_UNINITIALIZED_AUTOS = YES_AGGRESSIVE;
				GCC_WARN_UNUSED_FUNCTION = YES;
				GCC_WARN_UNUSED_VARIABLE = YES;
				MACOSX_DEPLOYMENT_TARGET = 10.13;
				MTL_ENABLE_DEBUG_INFO = YES;
				ONLY_ACTIVE_ARCH = YES;
				SDKROOT = macosx;
				SWIFT_ACTIVE_COMPILATION_CONDITIONS = DEBUG;
				SWIFT_OPTIMIZATION_LEVEL = "-Onone";
				VERSIONING_SYSTEM = "apple-generic";
				VERSION_INFO_PREFIX = "";
			};
			name = Debug;
		};
		B5859B5D213D9B7F00C71222 /* Release */ = {
			isa = XCBuildConfiguration;
			buildSettings = {
				ALWAYS_SEARCH_USER_PATHS = NO;
				CLANG_ANALYZER_NONNULL = YES;
				CLANG_ANALYZER_NUMBER_OBJECT_CONVERSION = YES_AGGRESSIVE;
				CLANG_CXX_LANGUAGE_STANDARD = "gnu++14";
				CLANG_CXX_LIBRARY = "libc++";
				CLANG_ENABLE_MODULES = YES;
				CLANG_ENABLE_OBJC_ARC = YES;
				CLANG_ENABLE_OBJC_WEAK = YES;
				CLANG_WARN_BLOCK_CAPTURE_AUTORELEASING = YES;
				CLANG_WARN_BOOL_CONVERSION = YES;
				CLANG_WARN_COMMA = YES;
				CLANG_WARN_CONSTANT_CONVERSION = YES;
				CLANG_WARN_DEPRECATED_OBJC_IMPLEMENTATIONS = YES;
				CLANG_WARN_DIRECT_OBJC_ISA_USAGE = YES_ERROR;
				CLANG_WARN_DOCUMENTATION_COMMENTS = YES;
				CLANG_WARN_EMPTY_BODY = YES;
				CLANG_WARN_ENUM_CONVERSION = YES;
				CLANG_WARN_INFINITE_RECURSION = YES;
				CLANG_WARN_INT_CONVERSION = YES;
				CLANG_WARN_NON_LITERAL_NULL_CONVERSION = YES;
				CLANG_WARN_OBJC_IMPLICIT_RETAIN_SELF = YES;
				CLANG_WARN_OBJC_LITERAL_CONVERSION = YES;
				CLANG_WARN_OBJC_ROOT_CLASS = YES_ERROR;
				CLANG_WARN_RANGE_LOOP_ANALYSIS = YES;
				CLANG_WARN_STRICT_PROTOTYPES = YES;
				CLANG_WARN_SUSPICIOUS_MOVE = YES;
				CLANG_WARN_UNGUARDED_AVAILABILITY = YES_AGGRESSIVE;
				CLANG_WARN_UNREACHABLE_CODE = YES;
				CLANG_WARN__DUPLICATE_METHOD_MATCH = YES;
				CODE_SIGN_IDENTITY = "Mac Developer";
				COPY_PHASE_STRIP = NO;
				CURRENT_PROJECT_VERSION = 1;
				DEBUG_INFORMATION_FORMAT = "dwarf-with-dsym";
				ENABLE_NS_ASSERTIONS = NO;
				ENABLE_STRICT_OBJC_MSGSEND = YES;
				GCC_C_LANGUAGE_STANDARD = gnu11;
				GCC_NO_COMMON_BLOCKS = YES;
				GCC_WARN_64_TO_32_BIT_CONVERSION = YES;
				GCC_WARN_ABOUT_RETURN_TYPE = YES_ERROR;
				GCC_WARN_UNDECLARED_SELECTOR = YES;
				GCC_WARN_UNINITIALIZED_AUTOS = YES_AGGRESSIVE;
				GCC_WARN_UNUSED_FUNCTION = YES;
				GCC_WARN_UNUSED_VARIABLE = YES;
				MACOSX_DEPLOYMENT_TARGET = 10.13;
				MTL_ENABLE_DEBUG_INFO = NO;
				SDKROOT = macosx;
				SWIFT_COMPILATION_MODE = wholemodule;
				SWIFT_OPTIMIZATION_LEVEL = "-O";
				VERSIONING_SYSTEM = "apple-generic";
				VERSION_INFO_PREFIX = "";
			};
			name = Release;
		};
		B5859B5F213D9B7F00C71222 /* Debug */ = {
			isa = XCBuildConfiguration;
			buildSettings = {
				CLANG_ENABLE_MODULES = YES;
				CODE_SIGN_IDENTITY = "";
				CODE_SIGN_STYLE = Automatic;
				COMBINE_HIDPI_IMAGES = YES;
				DEFINES_MODULE = YES;
				DEVELOPMENT_TEAM = Q273YZ238V;
				DYLIB_COMPATIBILITY_VERSION = 1;
				DYLIB_CURRENT_VERSION = 1;
				DYLIB_INSTALL_NAME_BASE = "@rpath";
				FRAMEWORK_VERSION = A;
				INFOPLIST_FILE = PinkGoatPhysics/Info.plist;
				INSTALL_PATH = "$(LOCAL_LIBRARY_DIR)/Frameworks";
				LD_RUNPATH_SEARCH_PATHS = (
					"$(inherited)",
					"@executable_path/../Frameworks",
					"@loader_path/Frameworks",
				);
				PRODUCT_BUNDLE_IDENTIFIER = pinkgoat.PinkGoatPhysics;
				PRODUCT_NAME = "$(TARGET_NAME:c99extidentifier)";
				SKIP_INSTALL = YES;
				SWIFT_OPTIMIZATION_LEVEL = "-Onone";
				SWIFT_VERSION = 4.0;
			};
			name = Debug;
		};
		B5859B60213D9B7F00C71222 /* Release */ = {
			isa = XCBuildConfiguration;
			buildSettings = {
				CLANG_ENABLE_MODULES = YES;
				CODE_SIGN_IDENTITY = "";
				CODE_SIGN_STYLE = Automatic;
				COMBINE_HIDPI_IMAGES = YES;
				DEFINES_MODULE = YES;
				DEVELOPMENT_TEAM = Q273YZ238V;
				DYLIB_COMPATIBILITY_VERSION = 1;
				DYLIB_CURRENT_VERSION = 1;
				DYLIB_INSTALL_NAME_BASE = "@rpath";
				FRAMEWORK_VERSION = A;
				INFOPLIST_FILE = PinkGoatPhysics/Info.plist;
				INSTALL_PATH = "$(LOCAL_LIBRARY_DIR)/Frameworks";
				LD_RUNPATH_SEARCH_PATHS = (
					"$(inherited)",
					"@executable_path/../Frameworks",
					"@loader_path/Frameworks",
				);
				PRODUCT_BUNDLE_IDENTIFIER = pinkgoat.PinkGoatPhysics;
				PRODUCT_NAME = "$(TARGET_NAME:c99extidentifier)";
				SKIP_INSTALL = YES;
				SWIFT_VERSION = 4.0;
			};
			name = Release;
		};
		B5859B62213D9B7F00C71222 /* Debug */ = {
			isa = XCBuildConfiguration;
			buildSettings = {
				ALWAYS_EMBED_SWIFT_STANDARD_LIBRARIES = YES;
				CODE_SIGN_STYLE = Automatic;
				COMBINE_HIDPI_IMAGES = YES;
				DEVELOPMENT_TEAM = Q273YZ238V;
				INFOPLIST_FILE = PinkGoatPhysicsTests/Info.plist;
				LD_RUNPATH_SEARCH_PATHS = (
					"$(inherited)",
					"@executable_path/../Frameworks",
					"@loader_path/../Frameworks",
				);
				PRODUCT_BUNDLE_IDENTIFIER = pinkgoat.PinkGoatPhysicsTests;
				PRODUCT_NAME = "$(TARGET_NAME)";
				SWIFT_VERSION = 4.0;
			};
			name = Debug;
		};
		B5859B63213D9B7F00C71222 /* Release */ = {
			isa = XCBuildConfiguration;
			buildSettings = {
				ALWAYS_EMBED_SWIFT_STANDARD_LIBRARIES = YES;
				CODE_SIGN_STYLE = Automatic;
				COMBINE_HIDPI_IMAGES = YES;
				DEVELOPMENT_TEAM = Q273YZ238V;
				INFOPLIST_FILE = PinkGoatPhysicsTests/Info.plist;
				LD_RUNPATH_SEARCH_PATHS = (
					"$(inherited)",
					"@executable_path/../Frameworks",
					"@loader_path/../Frameworks",
				);
				PRODUCT_BUNDLE_IDENTIFIER = pinkgoat.PinkGoatPhysicsTests;
				PRODUCT_NAME = "$(TARGET_NAME)";
				SWIFT_VERSION = 4.0;
			};
			name = Release;
		};
/* End XCBuildConfiguration section */

/* Begin XCConfigurationList section */
		B5859B44213D9B7F00C71222 /* Build configuration list for PBXProject "PinkGoatPhysics" */ = {
			isa = XCConfigurationList;
			buildConfigurations = (
				B5859B5C213D9B7F00C71222 /* Debug */,
				B5859B5D213D9B7F00C71222 /* Release */,
			);
			defaultConfigurationIsVisible = 0;
			defaultConfigurationName = Release;
		};
		B5859B5E213D9B7F00C71222 /* Build configuration list for PBXNativeTarget "PinkGoatPhysics" */ = {
			isa = XCConfigurationList;
			buildConfigurations = (
				B5859B5F213D9B7F00C71222 /* Debug */,
				B5859B60213D9B7F00C71222 /* Release */,
			);
			defaultConfigurationIsVisible = 0;
			defaultConfigurationName = Release;
		};
		B5859B61213D9B7F00C71222 /* Build configuration list for PBXNativeTarget "PinkGoatPhysicsTests" */ = {
			isa = XCConfigurationList;
			buildConfigurations = (
				B5859B62213D9B7F00C71222 /* Debug */,
				B5859B63213D9B7F00C71222 /* Release */,
			);
			defaultConfigurationIsVisible = 0;
			defaultConfigurationName = Release;
		};
/* End XCConfigurationList section */
	};
	rootObject = B5859B41213D9B7F00C71222 /* Project object */;
}
